
Microsoft Visual Studio Solution File, Format Version 12.00
# Visual Studio Version 16
VisualStudioVersion = 16.0.31410.357
MinimumVisualStudioVersion = 10.0.40219.1
Project("{FAE04EC0-301F-11D3-BF4B-00C04F79EFBC}") = "IT481 Unit 2", "IT481 Unit 2.csproj", "{63E23ADF-CDDF-4109-B54E-C5559DBF8F04}"
EndProject
Global
	GlobalSection(SolutionConfigurationPlatforms) = preSolution
		Debug|Any CPU = Debug|Any CPU
		Release|Any CPU = Release|Any CPU
	EndGlobalSection
	GlobalSection(ProjectConfigurationPlatforms) = postSolution
		{63E23ADF-CDDF-4109-B54E-C5559DBF8F04}.Debug|Any CPU.ActiveCfg = Debug|Any CPU
		{63E23ADF-CDDF-4109-B54E-C5559DBF8F04}.Debug|Any CPU.Build.0 = Debug|Any CPU
		{63E23ADF-CDDF-4109-B54E-C5559DBF8F04}.Release|Any CPU.ActiveCfg = Release|Any CPU
		{63E23ADF-CDDF-4109-B54E-C5559DBF8F04}.Release|Any CPU.Build.0 = Release|Any CPU
	EndGlobalSection
	GlobalSection(SolutionProperties) = preSolution
		HideSolutionNode = FALSE
	EndGlobalSection
	GlobalSection(ExtensibilityGlobals) = postSolution
		SolutionGuid = {FB40F2D4-5422-4D3B-AFF6-75BD35A32D6B}
	EndGlobalSection
EndGlobal
